
Microsoft Visual Studio Solution File, Format Version 12.00
# Visual Studio Version 17
VisualStudioVersion = 17.5.33424.131
MinimumVisualStudioVersion = 10.0.40219.1
Project("{2150E333-8FDC-42A3-9474-1A3956D46DE8}") = "Core", "Core", "{89CB854D-D1C8-48E2-AA87-5E79CB7CDA71}"
EndProject
Project("{9A19103F-16F7-4668-BE54-9A1E7A4F7556}") = "CoreLogic", "CoreLogic\CoreLogic.csproj", "{B90B1D98-484D-4BB3-9CCE-40B484A56FA3}"
EndProject
Project("{9A19103F-16F7-4668-BE54-9A1E7A4F7556}") = "IQL.Currency.Feeder", "IQL.Currrency.Feeder\IQL.Currency.Feeder.csproj", "{FAEFF15A-59FE-456A-919E-1A1F8A4FFE6A}"
EndProject
Project("{9A19103F-16F7-4668-BE54-9A1E7A4F7556}") = "Infrastructure", "Infrastructure\Infrastructure.csproj", "{2069BE8F-75BB-46F0-9601-B76797F71B99}"
EndProject
Project("{FAE04EC0-301F-11D3-BF4B-00C04F79EFBC}") = "IQL.Commodity.Feeder", "IQL.Commodity.Feeder\IQL.Commodity.Feeder.csproj", "{EC9BDD8D-E478-4324-AA37-F19A3653A304}"
EndProject
Global
	GlobalSection(SolutionConfigurationPlatforms) = preSolution
		Debug|Any CPU = Debug|Any CPU
		Release|Any CPU = Release|Any CPU
	EndGlobalSection
	GlobalSection(ProjectConfigurationPlatforms) = postSolution
		{B90B1D98-484D-4BB3-9CCE-40B484A56FA3}.Debug|Any CPU.ActiveCfg = Debug|Any CPU
		{B90B1D98-484D-4BB3-9CCE-40B484A56FA3}.Debug|Any CPU.Build.0 = Debug|Any CPU
		{B90B1D98-484D-4BB3-9CCE-40B484A56FA3}.Release|Any CPU.ActiveCfg = Release|Any CPU
		{B90B1D98-484D-4BB3-9CCE-40B484A56FA3}.Release|Any CPU.Build.0 = Release|Any CPU
		{FAEFF15A-59FE-456A-919E-1A1F8A4FFE6A}.Debug|Any CPU.ActiveCfg = Debug|Any CPU
		{FAEFF15A-59FE-456A-919E-1A1F8A4FFE6A}.Debug|Any CPU.Build.0 = Debug|Any CPU
		{FAEFF15A-59FE-456A-919E-1A1F8A4FFE6A}.Release|Any CPU.ActiveCfg = Release|Any CPU
		{FAEFF15A-59FE-456A-919E-1A1F8A4FFE6A}.Release|Any CPU.Build.0 = Release|Any CPU
		{2069BE8F-75BB-46F0-9601-B76797F71B99}.Debug|Any CPU.ActiveCfg = Debug|Any CPU
		{2069BE8F-75BB-46F0-9601-B76797F71B99}.Debug|Any CPU.Build.0 = Debug|Any CPU
		{2069BE8F-75BB-46F0-9601-B76797F71B99}.Release|Any CPU.ActiveCfg = Release|Any CPU
		{2069BE8F-75BB-46F0-9601-B76797F71B99}.Release|Any CPU.Build.0 = Release|Any CPU
		{EC9BDD8D-E478-4324-AA37-F19A3653A304}.Debug|Any CPU.ActiveCfg = Debug|Any CPU
		{EC9BDD8D-E478-4324-AA37-F19A3653A304}.Debug|Any CPU.Build.0 = Debug|Any CPU
		{EC9BDD8D-E478-4324-AA37-F19A3653A304}.Release|Any CPU.ActiveCfg = Release|Any CPU
		{EC9BDD8D-E478-4324-AA37-F19A3653A304}.Release|Any CPU.Build.0 = Release|Any CPU
	EndGlobalSection
	GlobalSection(SolutionProperties) = preSolution
		HideSolutionNode = FALSE
	EndGlobalSection
	GlobalSection(NestedProjects) = preSolution
		{B90B1D98-484D-4BB3-9CCE-40B484A56FA3} = {89CB854D-D1C8-48E2-AA87-5E79CB7CDA71}
		{2069BE8F-75BB-46F0-9601-B76797F71B99} = {89CB854D-D1C8-48E2-AA87-5E79CB7CDA71}
	EndGlobalSection
	GlobalSection(ExtensibilityGlobals) = postSolution
		SolutionGuid = {CD2035FA-5D90-49F9-8AC7-5B54B8FC4646}
	EndGlobalSection
EndGlobal
